
Microsoft Visual Studio Solution File, Format Version 12.00
# Visual Studio Version 17
VisualStudioVersion = 17.0.32014.148
MinimumVisualStudioVersion = 10.0.40219.1
Project("{FAE04EC0-301F-11D3-BF4B-00C04F79EFBC}") = "WpfApp23Core", "WpfApp23Core\WpfApp23Core.csproj", "{D36C488A-0EF5-4938-85F0-4827EDF3E4BE}"
EndProject
Global
	GlobalSection(SolutionConfigurationPlatforms) = preSolution
		Debug|Any CPU = Debug|Any CPU
		Release|Any CPU = Release|Any CPU
	EndGlobalSection
	GlobalSection(ProjectConfigurationPlatforms) = postSolution
		{D36C488A-0EF5-4938-85F0-4827EDF3E4BE}.Debug|Any CPU.ActiveCfg = Debug|Any CPU
		{D36C488A-0EF5-4938-85F0-4827EDF3E4BE}.Debug|Any CPU.Build.0 = Debug|Any CPU
		{D36C488A-0EF5-4938-85F0-4827EDF3E4BE}.Release|Any CPU.ActiveCfg = Release|Any CPU
		{D36C488A-0EF5-4938-85F0-4827EDF3E4BE}.Release|Any CPU.Build.0 = Release|Any CPU
	EndGlobalSection
	GlobalSection(SolutionProperties) = preSolution
		HideSolutionNode = FALSE
	EndGlobalSection
	GlobalSection(ExtensibilityGlobals) = postSolution
		SolutionGuid = {4E0644DC-5C4D-495F-B6B4-07AE44B07413}
	EndGlobalSection
EndGlobal
